
Microsoft Visual Studio Solution File, Format Version 12.00
Project("{FAE04EC0-301F-11D3-BF4B-00C04F79EFBC}") = "Dominae 3", "Dominae 3\Dominae 3.csproj", "{EAB75642-1322-43AC-9601-6162F402951B}"
EndProject
Global
	GlobalSection(SolutionConfigurationPlatforms) = preSolution
		Debug|Any CPU = Debug|Any CPU
		Release|Any CPU = Release|Any CPU
	EndGlobalSection
	GlobalSection(ProjectConfigurationPlatforms) = postSolution
		{EAB75642-1322-43AC-9601-6162F402951B}.Debug|Any CPU.ActiveCfg = Debug|Any CPU
		{EAB75642-1322-43AC-9601-6162F402951B}.Debug|Any CPU.Build.0 = Debug|Any CPU
		{EAB75642-1322-43AC-9601-6162F402951B}.Release|Any CPU.ActiveCfg = Release|Any CPU
		{EAB75642-1322-43AC-9601-6162F402951B}.Release|Any CPU.Build.0 = Release|Any CPU
	EndGlobalSection
EndGlobal
